<?xml version="1.0" encoding="utf-8"?>
<Project ToolsVersion="4.0" xmlns="http://schemas.microsoft.com/developer/msbuild/2003">
  <ItemGroup>
    <Filter Include="Source Files">
      <UniqueIdentifier>{4FC737F1-C7A5-4376-A066-2A32D752A2FF}</UniqueIdentifier>
      <Extensions>cpp;c;cc;cxx;def;odl;idl;hpj;bat;asm;asmx</Extensions>
    </Filter>
    <Filter Include="Header Files">
      <UniqueIdentifier>{93995380-89BD-4b04-88EB-625FBE52EBFB}</UniqueIdentifier>
      <Extensions>h;hh;hpp;hxx;hm;inl;inc;xsd</Extensions>
    </Filter>
    <Filter Include="Resource Files">
      <UniqueIdentifier>{67DA6AB6-F800-4c08-8B7A-83BB121AAD01}</UniqueIdentifier>
      <Extensions>rc;ico;cur;bmp;dlg;rc2;rct;bin;rgs;gif;jpg;jpeg;jpe;resx;tiff;tif;png;wav;mfcribbon-ms</Extensions>
    </Filter>
  </ItemGroup>
  <ItemGroup>
    <None Include="OpenEFI.ino" />
  </ItemGroup>
  <ItemGroup>
    <ClInclude Include="__vm\.OpenEFI.vsarduino.h">
      <Filter>Header Files</Filter>
    </ClInclude>
    <ClInclude Include="Sensores.h">
      <Filter>Header Files</Filter>
    </ClInclude>
    <ClInclude Include="variables.h">
      <Filter>Header Files</Filter>
    </ClInclude>
    <ClInclude Include="pines.h">
      <Filter>Header Files</Filter>
    </ClInclude>
    <ClInclude Include="resource.h">
      <Filter>Header Files</Filter>
    </ClInclude>
    <ClInclude Include="Tablas.h">
      <Filter>Header Files</Filter>
    </ClInclude>
    <ClInclude Include="InyecTime.h">
      <Filter>Header Files</Filter>
    </ClInclude>
    <ClInclude Include="interfazSerial.h">
      <Filter>Header Files</Filter>
    </ClInclude>
    <ClInclude Include="TMAP.h">
      <Filter>Header Files</Filter>
    </ClInclude>
    <ClInclude Include="pines2.h">
      <Filter>Header Files</Filter>
    </ClInclude>
    <ClInclude Include="AVC.h">
      <Filter>Header Files</Filter>
    </ClInclude>
    <ClInclude Include="SPWM.h">
      <Filter>Header Files</Filter>
    </ClInclude>
    <ClInclude Include="CD4051.h">
      <Filter>Header Files</Filter>
    </ClInclude>
    <ClInclude Include="Memory.h">
      <Filter>Header Files</Filter>
    </ClInclude>
    <ClInclude Include="AT24CX.h">
      <Filter>Header Files</Filter>
    </ClInclude>
    <ClInclude Include="DTC.h">
      <Filter>Header Files</Filter>
    </ClInclude>
    <ClInclude Include="Debug.h">
      <Filter>Header Files</Filter>
    </ClInclude>
    <ClInclude Include="Relay.h">
      <Filter>Header Files</Filter>
    </ClInclude>
  </ItemGroup>
  <ItemGroup>
    <ClCompile Include="Sensores.cpp">
      <Filter>Source Files</Filter>
    </ClCompile>
    <ClCompile Include="InyecTime.cpp">
      <Filter>Source Files</Filter>
    </ClCompile>
    <ClCompile Include="interfazSerial.cpp">
      <Filter>Source Files</Filter>
    </ClCompile>
    <ClCompile Include="TMAP.cpp">
      <Filter>Source Files</Filter>
    </ClCompile>
    <ClCompile Include="AVC.cpp">
      <Filter>Source Files</Filter>
    </ClCompile>
    <ClCompile Include="SPWM.cpp">
      <Filter>Source Files</Filter>
    </ClCompile>
    <ClCompile Include="CD4051.cpp">
      <Filter>Source Files</Filter>
    </ClCompile>
    <ClCompile Include="Memory.cpp">
      <Filter>Source Files</Filter>
    </ClCompile>
    <ClCompile Include="AT24CX.cpp">
      <Filter>Source Files</Filter>
    </ClCompile>
    <ClCompile Include="DTC.cpp">
      <Filter>Source Files</Filter>
    </ClCompile>
    <ClCompile Include="Debug.cpp">
      <Filter>Source Files</Filter>
    </ClCompile>
    <ClCompile Include="Relay.cpp">
      <Filter>Source Files</Filter>
    </ClCompile>
  </ItemGroup>
  <ItemGroup>
    <ResourceCompile Include="OpenEFI.rc">
      <Filter>Resource Files</Filter>
    </ResourceCompile>
  </ItemGroup>
</Project>